
Microsoft Visual Studio Solution File, Format Version 12.00
# Visual Studio 15
VisualStudioVersion = 15.0.27130.2020
MinimumVisualStudioVersion = 10.0.40219.1
Project("{9A19103F-16F7-4668-BE54-9A1E7A4F7556}") = "AWSLambda1", "AWSLambda1\AWSLambda1.csproj", "{F48B479A-D093-4CF7-B4BD-541292D2E555}"
EndProject
Project("{9A19103F-16F7-4668-BE54-9A1E7A4F7556}") = "AWSLambda1.Tests", "AWSLambda1.Tests\AWSLambda1.Tests.csproj", "{0F2625FF-0B46-4FC4-9B21-AD49BF95D69C}"
EndProject
Global
	GlobalSection(SolutionConfigurationPlatforms) = preSolution
		Debug|Any CPU = Debug|Any CPU
		Release|Any CPU = Release|Any CPU
	EndGlobalSection
	GlobalSection(ProjectConfigurationPlatforms) = postSolution
		{F48B479A-D093-4CF7-B4BD-541292D2E555}.Debug|Any CPU.ActiveCfg = Debug|Any CPU
		{F48B479A-D093-4CF7-B4BD-541292D2E555}.Debug|Any CPU.Build.0 = Debug|Any CPU
		{F48B479A-D093-4CF7-B4BD-541292D2E555}.Release|Any CPU.ActiveCfg = Release|Any CPU
		{F48B479A-D093-4CF7-B4BD-541292D2E555}.Release|Any CPU.Build.0 = Release|Any CPU
		{0F2625FF-0B46-4FC4-9B21-AD49BF95D69C}.Debug|Any CPU.ActiveCfg = Debug|Any CPU
		{0F2625FF-0B46-4FC4-9B21-AD49BF95D69C}.Debug|Any CPU.Build.0 = Debug|Any CPU
		{0F2625FF-0B46-4FC4-9B21-AD49BF95D69C}.Release|Any CPU.ActiveCfg = Release|Any CPU
		{0F2625FF-0B46-4FC4-9B21-AD49BF95D69C}.Release|Any CPU.Build.0 = Release|Any CPU
	EndGlobalSection
	GlobalSection(SolutionProperties) = preSolution
		HideSolutionNode = FALSE
	EndGlobalSection
	GlobalSection(ExtensibilityGlobals) = postSolution
		SolutionGuid = {75562018-139B-4048-A808-DCE846B8B6BA}
	EndGlobalSection
EndGlobal
